
Microsoft Visual Studio Solution File, Format Version 12.00
# Visual Studio Version 17
VisualStudioVersion = 17.12.35707.178
MinimumVisualStudioVersion = 10.0.40219.1
Project("{FAE04EC0-301F-11D3-BF4B-00C04F79EFBC}") = "showHide", "showHide\showHide.csproj", "{28E8E2F4-01D9-4B6D-A6F0-82D8BE790B24}"
EndProject
Project("{FAE04EC0-301F-11D3-BF4B-00C04F79EFBC}") = "Mouse", "Mouse\Mouse.csproj", "{4AD8556E-7D86-4791-BB7F-E7E541438B39}"
EndProject
Project("{FAE04EC0-301F-11D3-BF4B-00C04F79EFBC}") = "Deplasare", "Deplasare\Deplasare.csproj", "{819C8143-1FB5-4B06-92E2-F525F2C63846}"
EndProject
Project("{FAE04EC0-301F-11D3-BF4B-00C04F79EFBC}") = "Marire", "Marire\Marire.csproj", "{B71FABFD-E83F-4A1B-8F90-0D0ADB5868C3}"
EndProject
Project("{FAE04EC0-301F-11D3-BF4B-00C04F79EFBC}") = "Operatii", "Operatii\Operatii.csproj", "{1A316886-4A9E-4342-B335-061E47B71213}"
EndProject
Project("{FAE04EC0-301F-11D3-BF4B-00C04F79EFBC}") = "IncrementareDecrementare", "IncrementareDecrementare\IncrementareDecrementare.csproj", "{04067243-0302-414D-8343-D3E553F0DB9C}"
EndProject
Project("{FAE04EC0-301F-11D3-BF4B-00C04F79EFBC}") = "DeplasareSageti", "DeplasareSageti\DeplasareSageti.csproj", "{90DA9EB8-9067-4616-8586-EE521B1E888E}"
EndProject
Project("{FAE04EC0-301F-11D3-BF4B-00C04F79EFBC}") = "Culoare", "Culoare\Culoare.csproj", "{A5FAF1A1-05F9-4776-A504-8BD067293F46}"
EndProject
Project("{FAE04EC0-301F-11D3-BF4B-00C04F79EFBC}") = "Pozitie", "Pozitie\Pozitie.csproj", "{10048DE1-2286-4375-896B-E3150CE1AA81}"
EndProject
Project("{FAE04EC0-301F-11D3-BF4B-00C04F79EFBC}") = "Scara", "Scara\Scara.csproj", "{047F3018-3428-4C5B-A03C-BA42C507A6F8}"
EndProject
Project("{FAE04EC0-301F-11D3-BF4B-00C04F79EFBC}") = "CopyPaste", "CopyPaste\CopyPaste.csproj", "{652E3C90-90C9-44EF-A07F-D552D5E0874A}"
EndProject
Project("{FAE04EC0-301F-11D3-BF4B-00C04F79EFBC}") = "Scrie", "Scrie\Scrie.csproj", "{61921A6E-3D5F-406C-855B-23ADA5FEC205}"
EndProject
Project("{FAE04EC0-301F-11D3-BF4B-00C04F79EFBC}") = "Caracter", "Caracter\Caracter.csproj", "{FE145C02-B5AB-444E-BEF8-CFD7D93D359D}"
EndProject
Project("{FAE04EC0-301F-11D3-BF4B-00C04F79EFBC}") = "Editare", "Editare\Editare.csproj", "{B2608FF2-51E8-4582-AD4A-F4416D89EAA3}"
EndProject
Project("{FAE04EC0-301F-11D3-BF4B-00C04F79EFBC}") = "Transforma", "Transforma\Transforma.csproj", "{5D47A542-C1D9-4A72-BB32-9320172AAE44}"
EndProject
Project("{FAE04EC0-301F-11D3-BF4B-00C04F79EFBC}") = "Logare", "Logare\Logare.csproj", "{5CC4EEB6-6D32-42CD-85A1-BF1617BBEE52}"
EndProject
Project("{FAE04EC0-301F-11D3-BF4B-00C04F79EFBC}") = "Vocale", "Vocale\Vocale.csproj", "{A53FD006-5572-4C3E-9B4B-915952485860}"
EndProject
Project("{FAE04EC0-301F-11D3-BF4B-00C04F79EFBC}") = "Coloane", "Coloane\Coloane.csproj", "{0DD006C5-6F80-4FC5-8EE3-0A11C89AC85B}"
EndProject
Global
	GlobalSection(SolutionConfigurationPlatforms) = preSolution
		Debug|Any CPU = Debug|Any CPU
		Release|Any CPU = Release|Any CPU
	EndGlobalSection
	GlobalSection(ProjectConfigurationPlatforms) = postSolution
		{28E8E2F4-01D9-4B6D-A6F0-82D8BE790B24}.Debug|Any CPU.ActiveCfg = Debug|Any CPU
		{28E8E2F4-01D9-4B6D-A6F0-82D8BE790B24}.Debug|Any CPU.Build.0 = Debug|Any CPU
		{28E8E2F4-01D9-4B6D-A6F0-82D8BE790B24}.Release|Any CPU.ActiveCfg = Release|Any CPU
		{28E8E2F4-01D9-4B6D-A6F0-82D8BE790B24}.Release|Any CPU.Build.0 = Release|Any CPU
		{4AD8556E-7D86-4791-BB7F-E7E541438B39}.Debug|Any CPU.ActiveCfg = Debug|Any CPU
		{4AD8556E-7D86-4791-BB7F-E7E541438B39}.Debug|Any CPU.Build.0 = Debug|Any CPU
		{4AD8556E-7D86-4791-BB7F-E7E541438B39}.Release|Any CPU.ActiveCfg = Release|Any CPU
		{4AD8556E-7D86-4791-BB7F-E7E541438B39}.Release|Any CPU.Build.0 = Release|Any CPU
		{819C8143-1FB5-4B06-92E2-F525F2C63846}.Debug|Any CPU.ActiveCfg = Debug|Any CPU
		{819C8143-1FB5-4B06-92E2-F525F2C63846}.Debug|Any CPU.Build.0 = Debug|Any CPU
		{819C8143-1FB5-4B06-92E2-F525F2C63846}.Release|Any CPU.ActiveCfg = Release|Any CPU
		{819C8143-1FB5-4B06-92E2-F525F2C63846}.Release|Any CPU.Build.0 = Release|Any CPU
		{B71FABFD-E83F-4A1B-8F90-0D0ADB5868C3}.Debug|Any CPU.ActiveCfg = Debug|Any CPU
		{B71FABFD-E83F-4A1B-8F90-0D0ADB5868C3}.Debug|Any CPU.Build.0 = Debug|Any CPU
		{B71FABFD-E83F-4A1B-8F90-0D0ADB5868C3}.Release|Any CPU.ActiveCfg = Release|Any CPU
		{B71FABFD-E83F-4A1B-8F90-0D0ADB5868C3}.Release|Any CPU.Build.0 = Release|Any CPU
		{1A316886-4A9E-4342-B335-061E47B71213}.Debug|Any CPU.ActiveCfg = Debug|Any CPU
		{1A316886-4A9E-4342-B335-061E47B71213}.Debug|Any CPU.Build.0 = Debug|Any CPU
		{1A316886-4A9E-4342-B335-061E47B71213}.Release|Any CPU.ActiveCfg = Release|Any CPU
		{1A316886-4A9E-4342-B335-061E47B71213}.Release|Any CPU.Build.0 = Release|Any CPU
		{04067243-0302-414D-8343-D3E553F0DB9C}.Debug|Any CPU.ActiveCfg = Debug|Any CPU
		{04067243-0302-414D-8343-D3E553F0DB9C}.Debug|Any CPU.Build.0 = Debug|Any CPU
		{04067243-0302-414D-8343-D3E553F0DB9C}.Release|Any CPU.ActiveCfg = Release|Any CPU
		{04067243-0302-414D-8343-D3E553F0DB9C}.Release|Any CPU.Build.0 = Release|Any CPU
		{90DA9EB8-9067-4616-8586-EE521B1E888E}.Debug|Any CPU.ActiveCfg = Debug|Any CPU
		{90DA9EB8-9067-4616-8586-EE521B1E888E}.Debug|Any CPU.Build.0 = Debug|Any CPU
		{90DA9EB8-9067-4616-8586-EE521B1E888E}.Release|Any CPU.ActiveCfg = Release|Any CPU
		{90DA9EB8-9067-4616-8586-EE521B1E888E}.Release|Any CPU.Build.0 = Release|Any CPU
		{A5FAF1A1-05F9-4776-A504-8BD067293F46}.Debug|Any CPU.ActiveCfg = Debug|Any CPU
		{A5FAF1A1-05F9-4776-A504-8BD067293F46}.Debug|Any CPU.Build.0 = Debug|Any CPU
		{A5FAF1A1-05F9-4776-A504-8BD067293F46}.Release|Any CPU.ActiveCfg = Release|Any CPU
		{A5FAF1A1-05F9-4776-A504-8BD067293F46}.Release|Any CPU.Build.0 = Release|Any CPU
		{10048DE1-2286-4375-896B-E3150CE1AA81}.Debug|Any CPU.ActiveCfg = Debug|Any CPU
		{10048DE1-2286-4375-896B-E3150CE1AA81}.Debug|Any CPU.Build.0 = Debug|Any CPU
		{10048DE1-2286-4375-896B-E3150CE1AA81}.Release|Any CPU.ActiveCfg = Release|Any CPU
		{10048DE1-2286-4375-896B-E3150CE1AA81}.Release|Any CPU.Build.0 = Release|Any CPU
		{047F3018-3428-4C5B-A03C-BA42C507A6F8}.Debug|Any CPU.ActiveCfg = Debug|Any CPU
		{047F3018-3428-4C5B-A03C-BA42C507A6F8}.Debug|Any CPU.Build.0 = Debug|Any CPU
		{047F3018-3428-4C5B-A03C-BA42C507A6F8}.Release|Any CPU.ActiveCfg = Release|Any CPU
		{047F3018-3428-4C5B-A03C-BA42C507A6F8}.Release|Any CPU.Build.0 = Release|Any CPU
		{652E3C90-90C9-44EF-A07F-D552D5E0874A}.Debug|Any CPU.ActiveCfg = Debug|Any CPU
		{652E3C90-90C9-44EF-A07F-D552D5E0874A}.Debug|Any CPU.Build.0 = Debug|Any CPU
		{652E3C90-90C9-44EF-A07F-D552D5E0874A}.Release|Any CPU.ActiveCfg = Release|Any CPU
		{652E3C90-90C9-44EF-A07F-D552D5E0874A}.Release|Any CPU.Build.0 = Release|Any CPU
		{61921A6E-3D5F-406C-855B-23ADA5FEC205}.Debug|Any CPU.ActiveCfg = Debug|Any CPU
		{61921A6E-3D5F-406C-855B-23ADA5FEC205}.Debug|Any CPU.Build.0 = Debug|Any CPU
		{61921A6E-3D5F-406C-855B-23ADA5FEC205}.Release|Any CPU.ActiveCfg = Release|Any CPU
		{61921A6E-3D5F-406C-855B-23ADA5FEC205}.Release|Any CPU.Build.0 = Release|Any CPU
		{FE145C02-B5AB-444E-BEF8-CFD7D93D359D}.Debug|Any CPU.ActiveCfg = Debug|Any CPU
		{FE145C02-B5AB-444E-BEF8-CFD7D93D359D}.Debug|Any CPU.Build.0 = Debug|Any CPU
		{FE145C02-B5AB-444E-BEF8-CFD7D93D359D}.Release|Any CPU.ActiveCfg = Release|Any CPU
		{FE145C02-B5AB-444E-BEF8-CFD7D93D359D}.Release|Any CPU.Build.0 = Release|Any CPU
		{B2608FF2-51E8-4582-AD4A-F4416D89EAA3}.Debug|Any CPU.ActiveCfg = Debug|Any CPU
		{B2608FF2-51E8-4582-AD4A-F4416D89EAA3}.Debug|Any CPU.Build.0 = Debug|Any CPU
		{B2608FF2-51E8-4582-AD4A-F4416D89EAA3}.Release|Any CPU.ActiveCfg = Release|Any CPU
		{B2608FF2-51E8-4582-AD4A-F4416D89EAA3}.Release|Any CPU.Build.0 = Release|Any CPU
		{5D47A542-C1D9-4A72-BB32-9320172AAE44}.Debug|Any CPU.ActiveCfg = Debug|Any CPU
		{5D47A542-C1D9-4A72-BB32-9320172AAE44}.Debug|Any CPU.Build.0 = Debug|Any CPU
		{5D47A542-C1D9-4A72-BB32-9320172AAE44}.Release|Any CPU.ActiveCfg = Release|Any CPU
		{5D47A542-C1D9-4A72-BB32-9320172AAE44}.Release|Any CPU.Build.0 = Release|Any CPU
		{5CC4EEB6-6D32-42CD-85A1-BF1617BBEE52}.Debug|Any CPU.ActiveCfg = Debug|Any CPU
		{5CC4EEB6-6D32-42CD-85A1-BF1617BBEE52}.Debug|Any CPU.Build.0 = Debug|Any CPU
		{5CC4EEB6-6D32-42CD-85A1-BF1617BBEE52}.Release|Any CPU.ActiveCfg = Release|Any CPU
		{5CC4EEB6-6D32-42CD-85A1-BF1617BBEE52}.Release|Any CPU.Build.0 = Release|Any CPU
		{A53FD006-5572-4C3E-9B4B-915952485860}.Debug|Any CPU.ActiveCfg = Debug|Any CPU
		{A53FD006-5572-4C3E-9B4B-915952485860}.Debug|Any CPU.Build.0 = Debug|Any CPU
		{A53FD006-5572-4C3E-9B4B-915952485860}.Release|Any CPU.ActiveCfg = Release|Any CPU
		{A53FD006-5572-4C3E-9B4B-915952485860}.Release|Any CPU.Build.0 = Release|Any CPU
		{0DD006C5-6F80-4FC5-8EE3-0A11C89AC85B}.Debug|Any CPU.ActiveCfg = Debug|Any CPU
		{0DD006C5-6F80-4FC5-8EE3-0A11C89AC85B}.Debug|Any CPU.Build.0 = Debug|Any CPU
		{0DD006C5-6F80-4FC5-8EE3-0A11C89AC85B}.Release|Any CPU.ActiveCfg = Release|Any CPU
		{0DD006C5-6F80-4FC5-8EE3-0A11C89AC85B}.Release|Any CPU.Build.0 = Release|Any CPU
	EndGlobalSection
	GlobalSection(SolutionProperties) = preSolution
		HideSolutionNode = FALSE
	EndGlobalSection
EndGlobal
